
Microsoft Visual Studio Solution File, Format Version 12.00
# Visual Studio Version 16
VisualStudioVersion = 16.0.30503.244
MinimumVisualStudioVersion = 10.0.40219.1
Project("{8BC9CEB8-8B4A-11D0-8D11-00A0C91BC942}") = "Lab_12_SchoolCpp", "Lab_12_SchoolCpp\Lab_12_SchoolCpp.vcxproj", "{40662E06-ECCC-4D75-A496-5C4791564585}"
EndProject
Global
	GlobalSection(SolutionConfigurationPlatforms) = preSolution
		Debug|x64 = Debug|x64
		Debug|x86 = Debug|x86
		Release|x64 = Release|x64
		Release|x86 = Release|x86
	EndGlobalSection
	GlobalSection(ProjectConfigurationPlatforms) = postSolution
		{40662E06-ECCC-4D75-A496-5C4791564585}.Debug|x64.ActiveCfg = Debug|x64
		{40662E06-ECCC-4D75-A496-5C4791564585}.Debug|x64.Build.0 = Debug|x64
		{40662E06-ECCC-4D75-A496-5C4791564585}.Debug|x86.ActiveCfg = Debug|Win32
		{40662E06-ECCC-4D75-A496-5C4791564585}.Debug|x86.Build.0 = Debug|Win32
		{40662E06-ECCC-4D75-A496-5C4791564585}.Release|x64.ActiveCfg = Release|x64
		{40662E06-ECCC-4D75-A496-5C4791564585}.Release|x64.Build.0 = Release|x64
		{40662E06-ECCC-4D75-A496-5C4791564585}.Release|x86.ActiveCfg = Release|Win32
		{40662E06-ECCC-4D75-A496-5C4791564585}.Release|x86.Build.0 = Release|Win32
	EndGlobalSection
	GlobalSection(SolutionProperties) = preSolution
		HideSolutionNode = FALSE
	EndGlobalSection
	GlobalSection(ExtensibilityGlobals) = postSolution
		SolutionGuid = {AFFF0053-D1B3-43ED-AC57-FF7D7B1AD5AA}
	EndGlobalSection
EndGlobal
